// !$*UTF8*$!
{
	archiveVersion = 1;
	classes = {
	};
	objectVersion = 50;
	objects = {

/* Begin PBXBuildFile section */
		6F207BB422033B67009ED5FC /* AppDelegate.swift in Sources */ = {isa = PBXBuildFile; fileRef = 6F207BB322033B67009ED5FC /* AppDelegate.swift */; };
		6F207BB622033B67009ED5FC /* ViewController.swift in Sources */ = {isa = PBXBuildFile; fileRef = 6F207BB522033B67009ED5FC /* ViewController.swift */; };
		6F207BB922033B67009ED5FC /* Main.storyboard in Resources */ = {isa = PBXBuildFile; fileRef = 6F207BB722033B67009ED5FC /* Main.storyboard */; };
		6F207BBB22033B69009ED5FC /* Assets.xcassets in Resources */ = {isa = PBXBuildFile; fileRef = 6F207BBA22033B69009ED5FC /* Assets.xcassets */; };
		6F207BBE22033B69009ED5FC /* LaunchScreen.storyboard in Resources */ = {isa = PBXBuildFile; fileRef = 6F207BBC22033B69009ED5FC /* LaunchScreen.storyboard */; };
		6F207BCA22033C62009ED5FC /* Card.swift in Sources */ = {isa = PBXBuildFile; fileRef = 6F207BC922033C62009ED5FC /* Card.swift */; };
		6F207BCC22033C72009ED5FC /* Game.swift in Sources */ = {isa = PBXBuildFile; fileRef = 6F207BCB22033C72009ED5FC /* Game.swift */; };
		6F207BCF2203514C009ED5FC /* Action.swift in Sources */ = {isa = PBXBuildFile; fileRef = 6F207BCE2203514C009ED5FC /* Action.swift */; };
		6F207BD12203554F009ED5FC /* CardView.swift in Sources */ = {isa = PBXBuildFile; fileRef = 6F207BD02203554F009ED5FC /* CardView.swift */; };
/* End PBXBuildFile section */

/* Begin PBXFileReference section */
		6F207BB022033B67009ED5FC /* 2048.app */ = {isa = PBXFileReference; explicitFileType = wrapper.application; includeInIndex = 0; path = 2048.app; sourceTree = BUILT_PRODUCTS_DIR; };
		6F207BB322033B67009ED5FC /* AppDelegate.swift */ = {isa = PBXFileReference; lastKnownFileType = sourcecode.swift; path = AppDelegate.swift; sourceTree = "<group>"; };
		6F207BB522033B67009ED5FC /* ViewController.swift */ = {isa = PBXFileReference; lastKnownFileType = sourcecode.swift; path = ViewController.swift; sourceTree = "<group>"; };
		6F207BB822033B67009ED5FC /* Base */ = {isa = PBXFileReference; lastKnownFileType = file.storyboard; name = Base; path = Base.lproj/Main.storyboard; sourceTree = "<group>"; };
		6F207BBA22033B69009ED5FC /* Assets.xcassets */ = {isa = PBXFileReference; lastKnownFileType = folder.assetcatalog; path = Assets.xcassets; sourceTree = "<group>"; };
		6F207BBD22033B69009ED5FC /* Base */ = {isa = PBXFileReference; lastKnownFileType = file.storyboard; name = Base; path = Base.lproj/LaunchScreen.storyboard; sourceTree = "<group>"; };
		6F207BBF22033B69009ED5FC /* Info.plist */ = {isa = PBXFileReference; lastKnownFileType = text.plist.xml; path = Info.plist; sourceTree = "<group>"; };
		6F207BC922033C62009ED5FC /* Card.swift */ = {isa = PBXFileReference; lastKnownFileType = sourcecode.swift; path = Card.swift; sourceTree = "<group>"; };
		6F207BCB22033C72009ED5FC /* Game.swift */ = {isa = PBXFileReference; lastKnownFileType = sourcecode.swift; path = Game.swift; sourceTree = "<group>"; };
		6F207BCE2203514C009ED5FC /* Action.swift */ = {isa = PBXFileReference; lastKnownFileType = sourcecode.swift; path = Action.swift; sourceTree = "<group>"; };
		6F207BD02203554F009ED5FC /* CardView.swift */ = {isa = PBXFileReference; lastKnownFileType = sourcecode.swift; path = CardView.swift; sourceTree = "<group>"; };
/* End PBXFileReference section */

/* Begin PBXFrameworksBuildPhase section */
		6F207BAD22033B67009ED5FC /* Frameworks */ = {
			isa = PBXFrameworksBuildPhase;
			buildActionMask = 2147483647;
			files = (
			);
			runOnlyForDeploymentPostprocessing = 0;
		};
/* End PBXFrameworksBuildPhase section */

/* Begin PBXGroup section */
		6F207BA722033B67009ED5FC = {
			isa = PBXGroup;
			children = (
				6F207BB222033B67009ED5FC /* 2048 */,
				6F207BB122033B67009ED5FC /* Products */,
			);
			sourceTree = "<group>";
		};
		6F207BB122033B67009ED5FC /* Products */ = {
			isa = PBXGroup;
			children = (
				6F207BB022033B67009ED5FC /* 2048.app */,
			);
			name = Products;
			sourceTree = "<group>";
		};
		6F207BB222033B67009ED5FC /* 2048 */ = {
			isa = PBXGroup;
			children = (
				6F207BC822033C1E009ED5FC /* Model */,
				6F207BC722033BE3009ED5FC /* Controller */,
				6F207BC622033BBA009ED5FC /* View */,
				6F207BC522033B97009ED5FC /* Supporting */,
				6F207BBF22033B69009ED5FC /* Info.plist */,
			);
			path = 2048;
			sourceTree = "<group>";
		};
		6F207BC522033B97009ED5FC /* Supporting */ = {
			isa = PBXGroup;
			children = (
				6F207BB322033B67009ED5FC /* AppDelegate.swift */,
			);
			path = Supporting;
			sourceTree = "<group>";
		};
		6F207BC622033BBA009ED5FC /* View */ = {
			isa = PBXGroup;
			children = (
				6F207BBC22033B69009ED5FC /* LaunchScreen.storyboard */,
				6F207BBA22033B69009ED5FC /* Assets.xcassets */,
				6F207BB722033B67009ED5FC /* Main.storyboard */,
				6F207BD02203554F009ED5FC /* CardView.swift */,
			);
			path = View;
			sourceTree = "<group>";
		};
		6F207BC722033BE3009ED5FC /* Controller */ = {
			isa = PBXGroup;
			children = (
				6F207BB522033B67009ED5FC /* ViewController.swift */,
			);
			path = Controller;
			sourceTree = "<group>";
		};
		6F207BC822033C1E009ED5FC /* Model */ = {
			isa = PBXGroup;
			children = (
				6F207BC922033C62009ED5FC /* Card.swift */,
				6F207BCB22033C72009ED5FC /* Game.swift */,
				6F207BCE2203514C009ED5FC /* Action.swift */,
			);
			path = Model;
			sourceTree = "<group>";
		};
/* End PBXGroup section */

/* Begin PBXNativeTarget section */
		6F207BAF22033B67009ED5FC /* 2048 */ = {
			isa = PBXNativeTarget;
			buildConfigurationList = 6F207BC222033B69009ED5FC /* Build configuration list for PBXNativeTarget "2048" */;
			buildPhases = (
				6F207BAC22033B67009ED5FC /* Sources */,
				6F207BAD22033B67009ED5FC /* Frameworks */,
				6F207BAE22033B67009ED5FC /* Resources */,
			);
			buildRules = (
			);
			dependencies = (
			);
			name = 2048;
			productName = 2048;
			productReference = 6F207BB022033B67009ED5FC /* 2048.app */;
			productType = "com.apple.product-type.application";
		};
/* End PBXNativeTarget section */

/* Begin PBXProject section */
		6F207BA822033B67009ED5FC /* Project object */ = {
			isa = PBXProject;
			attributes = {
				LastSwiftUpdateCheck = 1010;
				LastUpgradeCheck = 1010;
				ORGANIZATIONNAME = "马演喆";
				TargetAttributes = {
					6F207BAF22033B67009ED5FC = {
						CreatedOnToolsVersion = 10.1;
					};
				};
			};
			buildConfigurationList = 6F207BAB22033B67009ED5FC /* Build configuration list for PBXProject "2048" */;
			compatibilityVersion = "Xcode 9.3";
			developmentRegion = en;
			hasScannedForEncodings = 0;
			knownRegions = (
				en,
				Base,
			);
			mainGroup = 6F207BA722033B67009ED5FC;
			productRefGroup = 6F207BB122033B67009ED5FC /* Products */;
			projectDirPath = "";
			projectRoot = "";
			targets = (
				6F207BAF22033B67009ED5FC /* 2048 */,
			);
		};
/* End PBXProject section */

/* Begin PBXResourcesBuildPhase section */
		6F207BAE22033B67009ED5FC /* Resources */ = {
			isa = PBXResourcesBuildPhase;
			buildActionMask = 2147483647;
			files = (
				6F207BBE22033B69009ED5FC /* LaunchScreen.storyboard in Resources */,
				6F207BBB22033B69009ED5FC /* Assets.xcassets in Resources */,
				6F207BB922033B67009ED5FC /* Main.storyboard in Resources */,
			);
			runOnlyForDeploymentPostprocessing = 0;
		};
/* End PBXResourcesBuildPhase section */

/* Begin PBXSourcesBuildPhase section */
		6F207BAC22033B67009ED5FC /* Sources */ = {
			isa = PBXSourcesBuildPhase;
			buildActionMask = 2147483647;
			files = (
				6F207BB622033B67009ED5FC /* ViewController.swift in Sources */,
				6F207BCA22033C62009ED5FC /* Card.swift in Sources */,
				6F207BB422033B67009ED5FC /* AppDelegate.swift in Sources */,
				6F207BCF2203514C009ED5FC /* Action.swift in Sources */,
				6F207BD12203554F009ED5FC /* CardView.swift in Sources */,
				6F207BCC22033C72009ED5FC /* Game.swift in Sources */,
			);
			runOnlyForDeploymentPostprocessing = 0;
		};
/* End PBXSourcesBuildPhase section */

/* Begin PBXVariantGroup section */
		6F207BB722033B67009ED5FC /* Main.storyboard */ = {
			isa = PBXVariantGroup;
			children = (
				6F207BB822033B67009ED5FC /* Base */,
			);
			name = Main.storyboard;
			sourceTree = "<group>";
		};
		6F207BBC22033B69009ED5FC /* LaunchScreen.storyboard */ = {
			isa = PBXVariantGroup;
			children = (
				6F207BBD22033B69009ED5FC /* Base */,
			);
			name = LaunchScreen.storyboard;
			sourceTree = "<group>";
		};
/* End PBXVariantGroup section */

/* Begin XCBuildConfiguration section */
		6F207BC022033B69009ED5FC /* Debug */ = {
			isa = XCBuildConfiguration;
			buildSettings = {
				ALWAYS_SEARCH_USER_PATHS = NO;
				CLANG_ANALYZER_NONNULL = YES;
				CLANG_ANALYZER_NUMBER_OBJECT_CONVERSION = YES_AGGRESSIVE;
				CLANG_CXX_LANGUAGE_STANDARD = "gnu++14";
				CLANG_CXX_LIBRARY = "libc++";
				CLANG_ENABLE_MODULES = YES;
				CLANG_ENABLE_OBJC_ARC = YES;
				CLANG_ENABLE_OBJC_WEAK = YES;
				CLANG_WARN_BLOCK_CAPTURE_AUTORELEASING = YES;
				CLANG_WARN_BOOL_CONVERSION = YES;
				CLANG_WARN_COMMA = YES;
				CLANG_WARN_CONSTANT_CONVERSION = YES;
				CLANG_WARN_DEPRECATED_OBJC_IMPLEMENTATIONS = YES;
				CLANG_WARN_DIRECT_OBJC_ISA_USAGE = YES_ERROR;
				CLANG_WARN_DOCUMENTATION_COMMENTS = YES;
				CLANG_WARN_EMPTY_BODY = YES;
				CLANG_WARN_ENUM_CONVERSION = YES;
				CLANG_WARN_INFINITE_RECURSION = YES;
				CLANG_WARN_INT_CONVERSION = YES;
				CLANG_WARN_NON_LITERAL_NULL_CONVERSION = YES;
				CLANG_WARN_OBJC_IMPLICIT_RETAIN_SELF = YES;
				CLANG_WARN_OBJC_LITERAL_CONVERSION = YES;
				CLANG_WARN_OBJC_ROOT_CLASS = YES_ERROR;
				CLANG_WARN_RANGE_LOOP_ANALYSIS = YES;
				CLANG_WARN_STRICT_PROTOTYPES = YES;
				CLANG_WARN_SUSPICIOUS_MOVE = YES;
				CLANG_WARN_UNGUARDED_AVAILABILITY = YES_AGGRESSIVE;
				CLANG_WARN_UNREACHABLE_CODE = YES;
				CLANG_WARN__DUPLICATE_METHOD_MATCH = YES;
				CODE_SIGN_IDENTITY = "iPhone Developer";
				COPY_PHASE_STRIP = NO;
				DEBUG_INFORMATION_FORMAT = dwarf;
				ENABLE_STRICT_OBJC_MSGSEND = YES;
				ENABLE_TESTABILITY = YES;
				GCC_C_LANGUAGE_STANDARD = gnu11;
				GCC_DYNAMIC_NO_PIC = NO;
				GCC_NO_COMMON_BLOCKS = YES;
				GCC_OPTIMIZATION_LEVEL = 0;
				GCC_PREPROCESSOR_DEFINITIONS = (
					"DEBUG=1",
					"$(inherited)",
				);
				GCC_WARN_64_TO_32_BIT_CONVERSION = YES;
				GCC_WARN_ABOUT_RETURN_TYPE = YES_ERROR;
				GCC_WARN_UNDECLARED_SELECTOR = YES;
				GCC_WARN_UNINITIALIZED_AUTOS = YES_AGGRESSIVE;
				GCC_WARN_UNUSED_FUNCTION = YES;
				GCC_WARN_UNUSED_VARIABLE = YES;
				IPHONEOS_DEPLOYMENT_TARGET = 12.1;
				MTL_ENABLE_DEBUG_INFO = INCLUDE_SOURCE;
				MTL_FAST_MATH = YES;
				ONLY_ACTIVE_ARCH = YES;
				SDKROOT = iphoneos;
				SWIFT_ACTIVE_COMPILATION_CONDITIONS = DEBUG;
				SWIFT_OPTIMIZATION_LEVEL = "-Onone";
			};
			name = Debug;
		};
		6F207BC122033B69009ED5FC /* Release */ = {
			isa = XCBuildConfiguration;
			buildSettings = {
				ALWAYS_SEARCH_USER_PATHS = NO;
				CLANG_ANALYZER_NONNULL = YES;
				CLANG_ANALYZER_NUMBER_OBJECT_CONVERSION = YES_AGGRESSIVE;
				CLANG_CXX_LANGUAGE_STANDARD = "gnu++14";
				CLANG_CXX_LIBRARY = "libc++";
				CLANG_ENABLE_MODULES = YES;
				CLANG_ENABLE_OBJC_ARC = YES;
				CLANG_ENABLE_OBJC_WEAK = YES;
				CLANG_WARN_BLOCK_CAPTURE_AUTORELEASING = YES;
				CLANG_WARN_BOOL_CONVERSION = YES;
				CLANG_WARN_COMMA = YES;
				CLANG_WARN_CONSTANT_CONVERSION = YES;
				CLANG_WARN_DEPRECATED_OBJC_IMPLEMENTATIONS = YES;
				CLANG_WARN_DIRECT_OBJC_ISA_USAGE = YES_ERROR;
				CLANG_WARN_DOCUMENTATION_COMMENTS = YES;
				CLANG_WARN_EMPTY_BODY = YES;
				CLANG_WARN_ENUM_CONVERSION = YES;
				CLANG_WARN_INFINITE_RECURSION = YES;
				CLANG_WARN_INT_CONVERSION = YES;
				CLANG_WARN_NON_LITERAL_NULL_CONVERSION = YES;
				CLANG_WARN_OBJC_IMPLICIT_RETAIN_SELF = YES;
				CLANG_WARN_OBJC_LITERAL_CONVERSION = YES;
				CLANG_WARN_OBJC_ROOT_CLASS = YES_ERROR;
				CLANG_WARN_RANGE_LOOP_ANALYSIS = YES;
				CLANG_WARN_STRICT_PROTOTYPES = YES;
				CLANG_WARN_SUSPICIOUS_MOVE = YES;
				CLANG_WARN_UNGUARDED_AVAILABILITY = YES_AGGRESSIVE;
				CLANG_WARN_UNREACHABLE_CODE = YES;
				CLANG_WARN__DUPLICATE_METHOD_MATCH = YES;
				CODE_SIGN_IDENTITY = "iPhone Developer";
				COPY_PHASE_STRIP = NO;
				DEBUG_INFORMATION_FORMAT = "dwarf-with-dsym";
				ENABLE_NS_ASSERTIONS = NO;
				ENABLE_STRICT_OBJC_MSGSEND = YES;
				GCC_C_LANGUAGE_STANDARD = gnu11;
				GCC_NO_COMMON_BLOCKS = YES;
				GCC_WARN_64_TO_32_BIT_CONVERSION = YES;
				GCC_WARN_ABOUT_RETURN_TYPE = YES_ERROR;
				GCC_WARN_UNDECLARED_SELECTOR = YES;
				GCC_WARN_UNINITIALIZED_AUTOS = YES_AGGRESSIVE;
				GCC_WARN_UNUSED_FUNCTION = YES;
				GCC_WARN_UNUSED_VARIABLE = YES;
				IPHONEOS_DEPLOYMENT_TARGET = 12.1;
				MTL_ENABLE_DEBUG_INFO = NO;
				MTL_FAST_MATH = YES;
				SDKROOT = iphoneos;
				SWIFT_COMPILATION_MODE = wholemodule;
				SWIFT_OPTIMIZATION_LEVEL = "-O";
				VALIDATE_PRODUCT = YES;
			};
			name = Release;
		};
		6F207BC322033B69009ED5FC /* Debug */ = {
			isa = XCBuildConfiguration;
			buildSettings = {
				ASSETCATALOG_COMPILER_APPICON_NAME = AppIcon;
				CODE_SIGN_STYLE = Automatic;
				INFOPLIST_FILE = 2048/Info.plist;
				LD_RUNPATH_SEARCH_PATHS = (
					"$(inherited)",
					"@executable_path/Frameworks",
				);
				PRODUCT_BUNDLE_IDENTIFIER = "myz.-048";
				PRODUCT_NAME = "$(TARGET_NAME)";
				SWIFT_VERSION = 4.2;
				TARGETED_DEVICE_FAMILY = "1,2";
			};
			name = Debug;
		};
		6F207BC422033B69009ED5FC /* Release */ = {
			isa = XCBuildConfiguration;
			buildSettings = {
				ASSETCATALOG_COMPILER_APPICON_NAME = AppIcon;
				CODE_SIGN_STYLE = Automatic;
				INFOPLIST_FILE = 2048/Info.plist;
				LD_RUNPATH_SEARCH_PATHS = (
					"$(inherited)",
					"@executable_path/Frameworks",
				);
				PRODUCT_BUNDLE_IDENTIFIER = "myz.-048";
				PRODUCT_NAME = "$(TARGET_NAME)";
				SWIFT_VERSION = 4.2;
				TARGETED_DEVICE_FAMILY = "1,2";
			};
			name = Release;
		};
/* End XCBuildConfiguration section */

/* Begin XCConfigurationList section */
		6F207BAB22033B67009ED5FC /* Build configuration list for PBXProject "2048" */ = {
			isa = XCConfigurationList;
			buildConfigurations = (
				6F207BC022033B69009ED5FC /* Debug */,
				6F207BC122033B69009ED5FC /* Release */,
			);
			defaultConfigurationIsVisible = 0;
			defaultConfigurationName = Release;
		};
		6F207BC222033B69009ED5FC /* Build configuration list for PBXNativeTarget "2048" */ = {
			isa = XCConfigurationList;
			buildConfigurations = (
				6F207BC322033B69009ED5FC /* Debug */,
				6F207BC422033B69009ED5FC /* Release */,
			);
			defaultConfigurationIsVisible = 0;
			defaultConfigurationName = Release;
		};
/* End XCConfigurationList section */
	};
	rootObject = 6F207BA822033B67009ED5FC /* Project object */;
}
